
Microsoft Visual Studio Solution File, Format Version 12.00
# Visual Studio Version 17
VisualStudioVersion = 17.4.33213.308
MinimumVisualStudioVersion = 10.0.40219.1
Project("{FAE04EC0-301F-11D3-BF4B-00C04F79EFBC}") = "TEST", "TEST\TEST.csproj", "{A8CA1FE2-D528-4186-BFF7-AAD0FE977C01}"
EndProject
Global
	GlobalSection(SolutionConfigurationPlatforms) = preSolution
		Debug|Any CPU = Debug|Any CPU
		Release|Any CPU = Release|Any CPU
	EndGlobalSection
	GlobalSection(ProjectConfigurationPlatforms) = postSolution
		{A8CA1FE2-D528-4186-BFF7-AAD0FE977C01}.Debug|Any CPU.ActiveCfg = Debug|Any CPU
		{A8CA1FE2-D528-4186-BFF7-AAD0FE977C01}.Debug|Any CPU.Build.0 = Debug|Any CPU
		{A8CA1FE2-D528-4186-BFF7-AAD0FE977C01}.Release|Any CPU.ActiveCfg = Release|Any CPU
		{A8CA1FE2-D528-4186-BFF7-AAD0FE977C01}.Release|Any CPU.Build.0 = Release|Any CPU
	EndGlobalSection
	GlobalSection(SolutionProperties) = preSolution
		HideSolutionNode = FALSE
	EndGlobalSection
	GlobalSection(ExtensibilityGlobals) = postSolution
		SolutionGuid = {92A5E391-1BD7-4CCB-97A7-B250955C0ADE}
	EndGlobalSection
EndGlobal
